// !$*UTF8*$!
{
	archiveVersion = 1;
	classes = {
	};
	objectVersion = 50;
	objects = {

/* Begin PBXBuildFile section */
		60A51B6421E7E8C3002EE409 /* AppDelegate.swift in Sources */ = {isa = PBXBuildFile; fileRef = 60A51B6321E7E8C3002EE409 /* AppDelegate.swift */; };
		60A51B6621E7E8C3002EE409 /* ViewController.swift in Sources */ = {isa = PBXBuildFile; fileRef = 60A51B6521E7E8C3002EE409 /* ViewController.swift */; };
		60A51B6921E7E8C3002EE409 /* Main.storyboard in Resources */ = {isa = PBXBuildFile; fileRef = 60A51B6721E7E8C3002EE409 /* Main.storyboard */; };
		60A51B6B21E7E8C6002EE409 /* Assets.xcassets in Resources */ = {isa = PBXBuildFile; fileRef = 60A51B6A21E7E8C6002EE409 /* Assets.xcassets */; };
		60A51B6E21E7E8C6002EE409 /* LaunchScreen.storyboard in Resources */ = {isa = PBXBuildFile; fileRef = 60A51B6C21E7E8C6002EE409 /* LaunchScreen.storyboard */; };
		60A51B7921E7E8C6002EE409 /* My_First_ProjectTests.swift in Sources */ = {isa = PBXBuildFile; fileRef = 60A51B7821E7E8C6002EE409 /* My_First_ProjectTests.swift */; };
		60A51B8421E7E8C6002EE409 /* My_First_ProjectUITests.swift in Sources */ = {isa = PBXBuildFile; fileRef = 60A51B8321E7E8C6002EE409 /* My_First_ProjectUITests.swift */; };
/* End PBXBuildFile section */

/* Begin PBXContainerItemProxy section */
		60A51B7521E7E8C6002EE409 /* PBXContainerItemProxy */ = {
			isa = PBXContainerItemProxy;
			containerPortal = 60A51B5821E7E8C3002EE409 /* Project object */;
			proxyType = 1;
			remoteGlobalIDString = 60A51B5F21E7E8C3002EE409;
			remoteInfo = "My First Project";
		};
		60A51B8021E7E8C6002EE409 /* PBXContainerItemProxy */ = {
			isa = PBXContainerItemProxy;
			containerPortal = 60A51B5821E7E8C3002EE409 /* Project object */;
			proxyType = 1;
			remoteGlobalIDString = 60A51B5F21E7E8C3002EE409;
			remoteInfo = "My First Project";
		};
/* End PBXContainerItemProxy section */

/* Begin PBXFileReference section */
		60A51B6021E7E8C3002EE409 /* My First Project.app */ = {isa = PBXFileReference; explicitFileType = wrapper.application; includeInIndex = 0; path = "My First Project.app"; sourceTree = BUILT_PRODUCTS_DIR; };
		60A51B6321E7E8C3002EE409 /* AppDelegate.swift */ = {isa = PBXFileReference; lastKnownFileType = sourcecode.swift; path = AppDelegate.swift; sourceTree = "<group>"; };
		60A51B6521E7E8C3002EE409 /* ViewController.swift */ = {isa = PBXFileReference; lastKnownFileType = sourcecode.swift; path = ViewController.swift; sourceTree = "<group>"; };
		60A51B6821E7E8C3002EE409 /* Base */ = {isa = PBXFileReference; lastKnownFileType = file.storyboard; name = Base; path = Base.lproj/Main.storyboard; sourceTree = "<group>"; };
		60A51B6A21E7E8C6002EE409 /* Assets.xcassets */ = {isa = PBXFileReference; lastKnownFileType = folder.assetcatalog; path = Assets.xcassets; sourceTree = "<group>"; };
		60A51B6D21E7E8C6002EE409 /* Base */ = {isa = PBXFileReference; lastKnownFileType = file.storyboard; name = Base; path = Base.lproj/LaunchScreen.storyboard; sourceTree = "<group>"; };
		60A51B6F21E7E8C6002EE409 /* Info.plist */ = {isa = PBXFileReference; lastKnownFileType = text.plist.xml; path = Info.plist; sourceTree = "<group>"; };
		60A51B7421E7E8C6002EE409 /* My First ProjectTests.xctest */ = {isa = PBXFileReference; explicitFileType = wrapper.cfbundle; includeInIndex = 0; path = "My First ProjectTests.xctest"; sourceTree = BUILT_PRODUCTS_DIR; };
		60A51B7821E7E8C6002EE409 /* My_First_ProjectTests.swift */ = {isa = PBXFileReference; lastKnownFileType = sourcecode.swift; path = My_First_ProjectTests.swift; sourceTree = "<group>"; };
		60A51B7A21E7E8C6002EE409 /* Info.plist */ = {isa = PBXFileReference; lastKnownFileType = text.plist.xml; path = Info.plist; sourceTree = "<group>"; };
		60A51B7F21E7E8C6002EE409 /* My First ProjectUITests.xctest */ = {isa = PBXFileReference; explicitFileType = wrapper.cfbundle; includeInIndex = 0; path = "My First ProjectUITests.xctest"; sourceTree = BUILT_PRODUCTS_DIR; };
		60A51B8321E7E8C6002EE409 /* My_First_ProjectUITests.swift */ = {isa = PBXFileReference; lastKnownFileType = sourcecode.swift; path = My_First_ProjectUITests.swift; sourceTree = "<group>"; };
		60A51B8521E7E8C6002EE409 /* Info.plist */ = {isa = PBXFileReference; lastKnownFileType = text.plist.xml; path = Info.plist; sourceTree = "<group>"; };
/* End PBXFileReference section */

/* Begin PBXFrameworksBuildPhase section */
		60A51B5D21E7E8C3002EE409 /* Frameworks */ = {
			isa = PBXFrameworksBuildPhase;
			buildActionMask = 2147483647;
			files = (
			);
			runOnlyForDeploymentPostprocessing = 0;
		};
		60A51B7121E7E8C6002EE409 /* Frameworks */ = {
			isa = PBXFrameworksBuildPhase;
			buildActionMask = 2147483647;
			files = (
			);
			runOnlyForDeploymentPostprocessing = 0;
		};
		60A51B7C21E7E8C6002EE409 /* Frameworks */ = {
			isa = PBXFrameworksBuildPhase;
			buildActionMask = 2147483647;
			files = (
			);
			runOnlyForDeploymentPostprocessing = 0;
		};
/* End PBXFrameworksBuildPhase section */

/* Begin PBXGroup section */
		60A51B5721E7E8C3002EE409 = {
			isa = PBXGroup;
			children = (
				60A51B6221E7E8C3002EE409 /* My First Project */,
				60A51B7721E7E8C6002EE409 /* My First ProjectTests */,
				60A51B8221E7E8C6002EE409 /* My First ProjectUITests */,
				60A51B6121E7E8C3002EE409 /* Products */,
			);
			sourceTree = "<group>";
		};
		60A51B6121E7E8C3002EE409 /* Products */ = {
			isa = PBXGroup;
			children = (
				60A51B6021E7E8C3002EE409 /* My First Project.app */,
				60A51B7421E7E8C6002EE409 /* My First ProjectTests.xctest */,
				60A51B7F21E7E8C6002EE409 /* My First ProjectUITests.xctest */,
			);
			name = Products;
			sourceTree = "<group>";
		};
		60A51B6221E7E8C3002EE409 /* My First Project */ = {
			isa = PBXGroup;
			children = (
				60A51B6321E7E8C3002EE409 /* AppDelegate.swift */,
				60A51B6521E7E8C3002EE409 /* ViewController.swift */,
				60A51B6721E7E8C3002EE409 /* Main.storyboard */,
				60A51B6A21E7E8C6002EE409 /* Assets.xcassets */,
				60A51B6C21E7E8C6002EE409 /* LaunchScreen.storyboard */,
				60A51B6F21E7E8C6002EE409 /* Info.plist */,
			);
			path = "My First Project";
			sourceTree = "<group>";
		};
		60A51B7721E7E8C6002EE409 /* My First ProjectTests */ = {
			isa = PBXGroup;
			children = (
				60A51B7821E7E8C6002EE409 /* My_First_ProjectTests.swift */,
				60A51B7A21E7E8C6002EE409 /* Info.plist */,
			);
			path = "My First ProjectTests";
			sourceTree = "<group>";
		};
		60A51B8221E7E8C6002EE409 /* My First ProjectUITests */ = {
			isa = PBXGroup;
			children = (
				60A51B8321E7E8C6002EE409 /* My_First_ProjectUITests.swift */,
				60A51B8521E7E8C6002EE409 /* Info.plist */,
			);
			path = "My First ProjectUITests";
			sourceTree = "<group>";
		};
/* End PBXGroup section */

/* Begin PBXNativeTarget section */
		60A51B5F21E7E8C3002EE409 /* My First Project */ = {
			isa = PBXNativeTarget;
			buildConfigurationList = 60A51B8821E7E8C6002EE409 /* Build configuration list for PBXNativeTarget "My First Project" */;
			buildPhases = (
				60A51B5C21E7E8C3002EE409 /* Sources */,
				60A51B5D21E7E8C3002EE409 /* Frameworks */,
				60A51B5E21E7E8C3002EE409 /* Resources */,
			);
			buildRules = (
			);
			dependencies = (
			);
			name = "My First Project";
			productName = "My First Project";
			productReference = 60A51B6021E7E8C3002EE409 /* My First Project.app */;
			productType = "com.apple.product-type.application";
		};
		60A51B7321E7E8C6002EE409 /* My First ProjectTests */ = {
			isa = PBXNativeTarget;
			buildConfigurationList = 60A51B8B21E7E8C6002EE409 /* Build configuration list for PBXNativeTarget "My First ProjectTests" */;
			buildPhases = (
				60A51B7021E7E8C6002EE409 /* Sources */,
				60A51B7121E7E8C6002EE409 /* Frameworks */,
				60A51B7221E7E8C6002EE409 /* Resources */,
			);
			buildRules = (
			);
			dependencies = (
				60A51B7621E7E8C6002EE409 /* PBXTargetDependency */,
			);
			name = "My First ProjectTests";
			productName = "My First ProjectTests";
			productReference = 60A51B7421E7E8C6002EE409 /* My First ProjectTests.xctest */;
			productType = "com.apple.product-type.bundle.unit-test";
		};
		60A51B7E21E7E8C6002EE409 /* My First ProjectUITests */ = {
			isa = PBXNativeTarget;
			buildConfigurationList = 60A51B8E21E7E8C6002EE409 /* Build configuration list for PBXNativeTarget "My First ProjectUITests" */;
			buildPhases = (
				60A51B7B21E7E8C6002EE409 /* Sources */,
				60A51B7C21E7E8C6002EE409 /* Frameworks */,
				60A51B7D21E7E8C6002EE409 /* Resources */,
			);
			buildRules = (
			);
			dependencies = (
				60A51B8121E7E8C6002EE409 /* PBXTargetDependency */,
			);
			name = "My First ProjectUITests";
			productName = "My First ProjectUITests";
			productReference = 60A51B7F21E7E8C6002EE409 /* My First ProjectUITests.xctest */;
			productType = "com.apple.product-type.bundle.ui-testing";
		};
/* End PBXNativeTarget section */

/* Begin PBXProject section */
		60A51B5821E7E8C3002EE409 /* Project object */ = {
			isa = PBXProject;
			attributes = {
				LastSwiftUpdateCheck = 1010;
				LastUpgradeCheck = 1010;
				ORGANIZATIONNAME = DePaul;
				TargetAttributes = {
					60A51B5F21E7E8C3002EE409 = {
						CreatedOnToolsVersion = 10.1;
					};
					60A51B7321E7E8C6002EE409 = {
						CreatedOnToolsVersion = 10.1;
						TestTargetID = 60A51B5F21E7E8C3002EE409;
					};
					60A51B7E21E7E8C6002EE409 = {
						CreatedOnToolsVersion = 10.1;
						TestTargetID = 60A51B5F21E7E8C3002EE409;
					};
				};
			};
			buildConfigurationList = 60A51B5B21E7E8C3002EE409 /* Build configuration list for PBXProject "My First Project" */;
			compatibilityVersion = "Xcode 9.3";
			developmentRegion = en;
			hasScannedForEncodings = 0;
			knownRegions = (
				en,
				Base,
			);
			mainGroup = 60A51B5721E7E8C3002EE409;
			productRefGroup = 60A51B6121E7E8C3002EE409 /* Products */;
			projectDirPath = "";
			projectRoot = "";
			targets = (
				60A51B5F21E7E8C3002EE409 /* My First Project */,
				60A51B7321E7E8C6002EE409 /* My First ProjectTests */,
				60A51B7E21E7E8C6002EE409 /* My First ProjectUITests */,
			);
		};
/* End PBXProject section */

/* Begin PBXResourcesBuildPhase section */
		60A51B5E21E7E8C3002EE409 /* Resources */ = {
			isa = PBXResourcesBuildPhase;
			buildActionMask = 2147483647;
			files = (
				60A51B6E21E7E8C6002EE409 /* LaunchScreen.storyboard in Resources */,
				60A51B6B21E7E8C6002EE409 /* Assets.xcassets in Resources */,
				60A51B6921E7E8C3002EE409 /* Main.storyboard in Resources */,
			);
			runOnlyForDeploymentPostprocessing = 0;
		};
		60A51B7221E7E8C6002EE409 /* Resources */ = {
			isa = PBXResourcesBuildPhase;
			buildActionMask = 2147483647;
			files = (
			);
			runOnlyForDeploymentPostprocessing = 0;
		};
		60A51B7D21E7E8C6002EE409 /* Resources */ = {
			isa = PBXResourcesBuildPhase;
			buildActionMask = 2147483647;
			files = (
			);
			runOnlyForDeploymentPostprocessing = 0;
		};
/* End PBXResourcesBuildPhase section */

/* Begin PBXSourcesBuildPhase section */
		60A51B5C21E7E8C3002EE409 /* Sources */ = {
			isa = PBXSourcesBuildPhase;
			buildActionMask = 2147483647;
			files = (
				60A51B6621E7E8C3002EE409 /* ViewController.swift in Sources */,
				60A51B6421E7E8C3002EE409 /* AppDelegate.swift in Sources */,
			);
			runOnlyForDeploymentPostprocessing = 0;
		};
		60A51B7021E7E8C6002EE409 /* Sources */ = {
			isa = PBXSourcesBuildPhase;
			buildActionMask = 2147483647;
			files = (
				60A51B7921E7E8C6002EE409 /* My_First_ProjectTests.swift in Sources */,
			);
			runOnlyForDeploymentPostprocessing = 0;
		};
		60A51B7B21E7E8C6002EE409 /* Sources */ = {
			isa = PBXSourcesBuildPhase;
			buildActionMask = 2147483647;
			files = (
				60A51B8421E7E8C6002EE409 /* My_First_ProjectUITests.swift in Sources */,
			);
			runOnlyForDeploymentPostprocessing = 0;
		};
/* End PBXSourcesBuildPhase section */

/* Begin PBXTargetDependency section */
		60A51B7621E7E8C6002EE409 /* PBXTargetDependency */ = {
			isa = PBXTargetDependency;
			target = 60A51B5F21E7E8C3002EE409 /* My First Project */;
			targetProxy = 60A51B7521E7E8C6002EE409 /* PBXContainerItemProxy */;
		};
		60A51B8121E7E8C6002EE409 /* PBXTargetDependency */ = {
			isa = PBXTargetDependency;
			target = 60A51B5F21E7E8C3002EE409 /* My First Project */;
			targetProxy = 60A51B8021E7E8C6002EE409 /* PBXContainerItemProxy */;
		};
/* End PBXTargetDependency section */

/* Begin PBXVariantGroup section */
		60A51B6721E7E8C3002EE409 /* Main.storyboard */ = {
			isa = PBXVariantGroup;
			children = (
				60A51B6821E7E8C3002EE409 /* Base */,
			);
			name = Main.storyboard;
			sourceTree = "<group>";
		};
		60A51B6C21E7E8C6002EE409 /* LaunchScreen.storyboard */ = {
			isa = PBXVariantGroup;
			children = (
				60A51B6D21E7E8C6002EE409 /* Base */,
			);
			name = LaunchScreen.storyboard;
			sourceTree = "<group>";
		};
/* End PBXVariantGroup section */

/* Begin XCBuildConfiguration section */
		60A51B8621E7E8C6002EE409 /* Debug */ = {
			isa = XCBuildConfiguration;
			buildSettings = {
				ALWAYS_SEARCH_USER_PATHS = NO;
				CLANG_ANALYZER_NONNULL = YES;
				CLANG_ANALYZER_NUMBER_OBJECT_CONVERSION = YES_AGGRESSIVE;
				CLANG_CXX_LANGUAGE_STANDARD = "gnu++14";
				CLANG_CXX_LIBRARY = "libc++";
				CLANG_ENABLE_MODULES = YES;
				CLANG_ENABLE_OBJC_ARC = YES;
				CLANG_ENABLE_OBJC_WEAK = YES;
				CLANG_WARN_BLOCK_CAPTURE_AUTORELEASING = YES;
				CLANG_WARN_BOOL_CONVERSION = YES;
				CLANG_WARN_COMMA = YES;
				CLANG_WARN_CONSTANT_CONVERSION = YES;
				CLANG_WARN_DEPRECATED_OBJC_IMPLEMENTATIONS = YES;
				CLANG_WARN_DIRECT_OBJC_ISA_USAGE = YES_ERROR;
				CLANG_WARN_DOCUMENTATION_COMMENTS = YES;
				CLANG_WARN_EMPTY_BODY = YES;
				CLANG_WARN_ENUM_CONVERSION = YES;
				CLANG_WARN_INFINITE_RECURSION = YES;
				CLANG_WARN_INT_CONVERSION = YES;
				CLANG_WARN_NON_LITERAL_NULL_CONVERSION = YES;
				CLANG_WARN_OBJC_IMPLICIT_RETAIN_SELF = YES;
				CLANG_WARN_OBJC_LITERAL_CONVERSION = YES;
				CLANG_WARN_OBJC_ROOT_CLASS = YES_ERROR;
				CLANG_WARN_RANGE_LOOP_ANALYSIS = YES;
				CLANG_WARN_STRICT_PROTOTYPES = YES;
				CLANG_WARN_SUSPICIOUS_MOVE = YES;
				CLANG_WARN_UNGUARDED_AVAILABILITY = YES_AGGRESSIVE;
				CLANG_WARN_UNREACHABLE_CODE = YES;
				CLANG_WARN__DUPLICATE_METHOD_MATCH = YES;
				CODE_SIGN_IDENTITY = "iPhone Developer";
				COPY_PHASE_STRIP = NO;
				DEBUG_INFORMATION_FORMAT = dwarf;
				ENABLE_STRICT_OBJC_MSGSEND = YES;
				ENABLE_TESTABILITY = YES;
				GCC_C_LANGUAGE_STANDARD = gnu11;
				GCC_DYNAMIC_NO_PIC = NO;
				GCC_NO_COMMON_BLOCKS = YES;
				GCC_OPTIMIZATION_LEVEL = 0;
				GCC_PREPROCESSOR_DEFINITIONS = (
					"DEBUG=1",
					"$(inherited)",
				);
				GCC_WARN_64_TO_32_BIT_CONVERSION = YES;
				GCC_WARN_ABOUT_RETURN_TYPE = YES_ERROR;
				GCC_WARN_UNDECLARED_SELECTOR = YES;
				GCC_WARN_UNINITIALIZED_AUTOS = YES_AGGRESSIVE;
				GCC_WARN_UNUSED_FUNCTION = YES;
				GCC_WARN_UNUSED_VARIABLE = YES;
				IPHONEOS_DEPLOYMENT_TARGET = 12.1;
				MTL_ENABLE_DEBUG_INFO = INCLUDE_SOURCE;
				MTL_FAST_MATH = YES;
				ONLY_ACTIVE_ARCH = YES;
				SDKROOT = iphoneos;
				SWIFT_ACTIVE_COMPILATION_CONDITIONS = DEBUG;
				SWIFT_OPTIMIZATION_LEVEL = "-Onone";
			};
			name = Debug;
		};
		60A51B8721E7E8C6002EE409 /* Release */ = {
			isa = XCBuildConfiguration;
			buildSettings = {
				ALWAYS_SEARCH_USER_PATHS = NO;
				CLANG_ANALYZER_NONNULL = YES;
				CLANG_ANALYZER_NUMBER_OBJECT_CONVERSION = YES_AGGRESSIVE;
				CLANG_CXX_LANGUAGE_STANDARD = "gnu++14";
				CLANG_CXX_LIBRARY = "libc++";
				CLANG_ENABLE_MODULES = YES;
				CLANG_ENABLE_OBJC_ARC = YES;
				CLANG_ENABLE_OBJC_WEAK = YES;
				CLANG_WARN_BLOCK_CAPTURE_AUTORELEASING = YES;
				CLANG_WARN_BOOL_CONVERSION = YES;
				CLANG_WARN_COMMA = YES;
				CLANG_WARN_CONSTANT_CONVERSION = YES;
				CLANG_WARN_DEPRECATED_OBJC_IMPLEMENTATIONS = YES;
				CLANG_WARN_DIRECT_OBJC_ISA_USAGE = YES_ERROR;
				CLANG_WARN_DOCUMENTATION_COMMENTS = YES;
				CLANG_WARN_EMPTY_BODY = YES;
				CLANG_WARN_ENUM_CONVERSION = YES;
				CLANG_WARN_INFINITE_RECURSION = YES;
				CLANG_WARN_INT_CONVERSION = YES;
				CLANG_WARN_NON_LITERAL_NULL_CONVERSION = YES;
				CLANG_WARN_OBJC_IMPLICIT_RETAIN_SELF = YES;
				CLANG_WARN_OBJC_LITERAL_CONVERSION = YES;
				CLANG_WARN_OBJC_ROOT_CLASS = YES_ERROR;
				CLANG_WARN_RANGE_LOOP_ANALYSIS = YES;
				CLANG_WARN_STRICT_PROTOTYPES = YES;
				CLANG_WARN_SUSPICIOUS_MOVE = YES;
				CLANG_WARN_UNGUARDED_AVAILABILITY = YES_AGGRESSIVE;
				CLANG_WARN_UNREACHABLE_CODE = YES;
				CLANG_WARN__DUPLICATE_METHOD_MATCH = YES;
				CODE_SIGN_IDENTITY = "iPhone Developer";
				COPY_PHASE_STRIP = NO;
				DEBUG_INFORMATION_FORMAT = "dwarf-with-dsym";
				ENABLE_NS_ASSERTIONS = NO;
				ENABLE_STRICT_OBJC_MSGSEND = YES;
				GCC_C_LANGUAGE_STANDARD = gnu11;
				GCC_NO_COMMON_BLOCKS = YES;
				GCC_WARN_64_TO_32_BIT_CONVERSION = YES;
				GCC_WARN_ABOUT_RETURN_TYPE = YES_ERROR;
				GCC_WARN_UNDECLARED_SELECTOR = YES;
				GCC_WARN_UNINITIALIZED_AUTOS = YES_AGGRESSIVE;
				GCC_WARN_UNUSED_FUNCTION = YES;
				GCC_WARN_UNUSED_VARIABLE = YES;
				IPHONEOS_DEPLOYMENT_TARGET = 12.1;
				MTL_ENABLE_DEBUG_INFO = NO;
				MTL_FAST_MATH = YES;
				SDKROOT = iphoneos;
				SWIFT_COMPILATION_MODE = wholemodule;
				SWIFT_OPTIMIZATION_LEVEL = "-O";
				VALIDATE_PRODUCT = YES;
			};
			name = Release;
		};
		60A51B8921E7E8C6002EE409 /* Debug */ = {
			isa = XCBuildConfiguration;
			buildSettings = {
				ASSETCATALOG_COMPILER_APPICON_NAME = AppIcon;
				CODE_SIGN_STYLE = Automatic;
				DEVELOPMENT_TEAM = YFRVB779BB;
				INFOPLIST_FILE = "My First Project/Info.plist";
				LD_RUNPATH_SEARCH_PATHS = (
					"$(inherited)",
					"@executable_path/Frameworks",
				);
				PRODUCT_BUNDLE_IDENTIFIER = "mima.My-First-Project";
				PRODUCT_NAME = "$(TARGET_NAME)";
				SWIFT_VERSION = 4.2;
				TARGETED_DEVICE_FAMILY = "1,2";
			};
			name = Debug;
		};
		60A51B8A21E7E8C6002EE409 /* Release */ = {
			isa = XCBuildConfiguration;
			buildSettings = {
				ASSETCATALOG_COMPILER_APPICON_NAME = AppIcon;
				CODE_SIGN_STYLE = Automatic;
				DEVELOPMENT_TEAM = YFRVB779BB;
				INFOPLIST_FILE = "My First Project/Info.plist";
				LD_RUNPATH_SEARCH_PATHS = (
					"$(inherited)",
					"@executable_path/Frameworks",
				);
				PRODUCT_BUNDLE_IDENTIFIER = "mima.My-First-Project";
				PRODUCT_NAME = "$(TARGET_NAME)";
				SWIFT_VERSION = 4.2;
				TARGETED_DEVICE_FAMILY = "1,2";
			};
			name = Release;
		};
		60A51B8C21E7E8C6002EE409 /* Debug */ = {
			isa = XCBuildConfiguration;
			buildSettings = {
				ALWAYS_EMBED_SWIFT_STANDARD_LIBRARIES = YES;
				BUNDLE_LOADER = "$(TEST_HOST)";
				CODE_SIGN_STYLE = Automatic;
				INFOPLIST_FILE = "My First ProjectTests/Info.plist";
				LD_RUNPATH_SEARCH_PATHS = (
					"$(inherited)",
					"@executable_path/Frameworks",
					"@loader_path/Frameworks",
				);
				PRODUCT_BUNDLE_IDENTIFIER = "edu.DePaul.csc471.My-First-ProjectTests";
				PRODUCT_NAME = "$(TARGET_NAME)";
				SWIFT_VERSION = 4.2;
				TARGETED_DEVICE_FAMILY = "1,2";
				TEST_HOST = "$(BUILT_PRODUCTS_DIR)/My First Project.app/My First Project";
			};
			name = Debug;
		};
		60A51B8D21E7E8C6002EE409 /* Release */ = {
			isa = XCBuildConfiguration;
			buildSettings = {
				ALWAYS_EMBED_SWIFT_STANDARD_LIBRARIES = YES;
				BUNDLE_LOADER = "$(TEST_HOST)";
				CODE_SIGN_STYLE = Automatic;
				INFOPLIST_FILE = "My First ProjectTests/Info.plist";
				LD_RUNPATH_SEARCH_PATHS = (
					"$(inherited)",
					"@executable_path/Frameworks",
					"@loader_path/Frameworks",
				);
				PRODUCT_BUNDLE_IDENTIFIER = "edu.DePaul.csc471.My-First-ProjectTests";
				PRODUCT_NAME = "$(TARGET_NAME)";
				SWIFT_VERSION = 4.2;
				TARGETED_DEVICE_FAMILY = "1,2";
				TEST_HOST = "$(BUILT_PRODUCTS_DIR)/My First Project.app/My First Project";
			};
			name = Release;
		};
		60A51B8F21E7E8C6002EE409 /* Debug */ = {
			isa = XCBuildConfiguration;
			buildSettings = {
				ALWAYS_EMBED_SWIFT_STANDARD_LIBRARIES = YES;
				CODE_SIGN_STYLE = Automatic;
				INFOPLIST_FILE = "My First ProjectUITests/Info.plist";
				LD_RUNPATH_SEARCH_PATHS = (
					"$(inherited)",
					"@executable_path/Frameworks",
					"@loader_path/Frameworks",
				);
				PRODUCT_BUNDLE_IDENTIFIER = "edu.DePaul.csc471.My-First-ProjectUITests";
				PRODUCT_NAME = "$(TARGET_NAME)";
				SWIFT_VERSION = 4.2;
				TARGETED_DEVICE_FAMILY = "1,2";
				TEST_TARGET_NAME = "My First Project";
			};
			name = Debug;
		};
		60A51B9021E7E8C6002EE409 /* Release */ = {
			isa = XCBuildConfiguration;
			buildSettings = {
				ALWAYS_EMBED_SWIFT_STANDARD_LIBRARIES = YES;
				CODE_SIGN_STYLE = Automatic;
				INFOPLIST_FILE = "My First ProjectUITests/Info.plist";
				LD_RUNPATH_SEARCH_PATHS = (
					"$(inherited)",
					"@executable_path/Frameworks",
					"@loader_path/Frameworks",
				);
				PRODUCT_BUNDLE_IDENTIFIER = "edu.DePaul.csc471.My-First-ProjectUITests";
				PRODUCT_NAME = "$(TARGET_NAME)";
				SWIFT_VERSION = 4.2;
				TARGETED_DEVICE_FAMILY = "1,2";
				TEST_TARGET_NAME = "My First Project";
			};
			name = Release;
		};
/* End XCBuildConfiguration section */

/* Begin XCConfigurationList section */
		60A51B5B21E7E8C3002EE409 /* Build configuration list for PBXProject "My First Project" */ = {
			isa = XCConfigurationList;
			buildConfigurations = (
				60A51B8621E7E8C6002EE409 /* Debug */,
				60A51B8721E7E8C6002EE409 /* Release */,
			);
			defaultConfigurationIsVisible = 0;
			defaultConfigurationName = Release;
		};
		60A51B8821E7E8C6002EE409 /* Build configuration list for PBXNativeTarget "My First Project" */ = {
			isa = XCConfigurationList;
			buildConfigurations = (
				60A51B8921E7E8C6002EE409 /* Debug */,
				60A51B8A21E7E8C6002EE409 /* Release */,
			);
			defaultConfigurationIsVisible = 0;
			defaultConfigurationName = Release;
		};
		60A51B8B21E7E8C6002EE409 /* Build configuration list for PBXNativeTarget "My First ProjectTests" */ = {
			isa = XCConfigurationList;
			buildConfigurations = (
				60A51B8C21E7E8C6002EE409 /* Debug */,
				60A51B8D21E7E8C6002EE409 /* Release */,
			);
			defaultConfigurationIsVisible = 0;
			defaultConfigurationName = Release;
		};
		60A51B8E21E7E8C6002EE409 /* Build configuration list for PBXNativeTarget "My First ProjectUITests" */ = {
			isa = XCConfigurationList;
			buildConfigurations = (
				60A51B8F21E7E8C6002EE409 /* Debug */,
				60A51B9021E7E8C6002EE409 /* Release */,
			);
			defaultConfigurationIsVisible = 0;
			defaultConfigurationName = Release;
		};
/* End XCConfigurationList section */
	};
	rootObject = 60A51B5821E7E8C3002EE409 /* Project object */;
}
